
Microsoft Visual Studio Solution File, Format Version 12.00
# Visual Studio 15
VisualStudioVersion = 15.0.28307.1401
MinimumVisualStudioVersion = 10.0.40219.1
Project("{FAE04EC0-301F-11D3-BF4B-00C04F79EFBC}") = "WebSandbox", "WebSandbox\WebSandbox.csproj", "{BA3081C5-6D6F-4EED-A409-F5564D05D625}"
EndProject
Global
	GlobalSection(SolutionConfigurationPlatforms) = preSolution
		Debug|Any CPU = Debug|Any CPU
		Release|Any CPU = Release|Any CPU
	EndGlobalSection
	GlobalSection(ProjectConfigurationPlatforms) = postSolution
		{BA3081C5-6D6F-4EED-A409-F5564D05D625}.Debug|Any CPU.ActiveCfg = Debug|Any CPU
		{BA3081C5-6D6F-4EED-A409-F5564D05D625}.Debug|Any CPU.Build.0 = Debug|Any CPU
		{BA3081C5-6D6F-4EED-A409-F5564D05D625}.Release|Any CPU.ActiveCfg = Release|Any CPU
		{BA3081C5-6D6F-4EED-A409-F5564D05D625}.Release|Any CPU.Build.0 = Release|Any CPU
	EndGlobalSection
	GlobalSection(SolutionProperties) = preSolution
		HideSolutionNode = FALSE
	EndGlobalSection
	GlobalSection(ExtensibilityGlobals) = postSolution
		SolutionGuid = {B701C0D4-6914-4B7D-9A1B-B4725FB04B58}
	EndGlobalSection
EndGlobal
